{
  "version": 4,
  "terraform_version": "1.5.1",
  "serial": 11,
  "lineage": "5c7d1f0f-9956-48e2-767d-80708f8d4148",
  "outputs": {
    "cluster_ca_certificate": {
      "value": "LS0tLS1CRUdJTiBDRVJUSUZJQ0FURS0tLS0tCk1JSUVMRENDQXBTZ0F3SUJBZ0lRR25UR25sS1NLVkNrV2djcktlZDNUVEFOQmdrcWhraUc5dzBCQVFzRkFEQXYKTVMwd0t3WURWUVFERXlRME1XRTFOV0V3TkMxaFlXUTVMVFJpTkRZdE9ETm1NaTFtTm1ZNFpEUmpNRGhtTldRdwpJQmNOTWpVd056RTNNVFkxTURRMFdoZ1BNakExTlRBM01UQXhOelV3TkRSYU1DOHhMVEFyQmdOVkJBTVRKRFF4CllUVTFZVEEwTFdGaFpEa3ROR0kwTmkwNE0yWXlMV1kyWmpoa05HTXdPR1kxWkRDQ0FhSXdEUVlKS29aSWh2Y04KQVFFQkJRQURnZ0dQQURDQ0FZb0NnZ0dCQU02ZEhVT3A2VHFvVldtZlNwUjFRWU1Ec1JFbEpDb01hcnl5ZWpnSgpwcTJ6b09rdmt3SWhhV0EwaTVoMEY0OW5tK21jOHpPRHBaUHVkQ2hxY0lZTmZ4SmZkc1ZZL0xNSjJjZEZvYVc5CjV5WmFhVlQxbmVXeStMVlVSTE5JMEJhaEdjWHovek81RUVWbTFCOUZ1Zi9ROWVMWjNWdEJkMXdxMnhGem1kT2EKQ1FlNnpqcnJaWlNqZUtTbkh6VmNGOTZvVHRYM21QR0VXSTBDVnNqa00wbEFTY1N1N2I3dTZwMGFxWHNaSnNPUgpHOTF2ZFdXdlp5cDdZSXc5bDRsWnYrS014Z1EvM0F2bTN1R1BQYnhsMGROV1NhY2g1aHpKUWMzaDI0RE9Na3F4ClRvQWVNNm1TUWQyL2VFK1F0UEh4L2EwUzd2bFFqMlhnc09kbEg5L2NBcTdEYjFrZ1N4UTVGMDV1UzM3Q2J2dTMKbW9hS3puUVo3NkNFK2xsTzRKZTVwMFRYRVBjMG1ydy9hTW5nMmlhMGEyVkpDc1c2aUNSbHFVeUhZdkRmYndCagpHS0hEeGx0Vk9zeFpwYmtSYXBEZVJLeHJXbzlRUlUvQk5TT1dxWnVlVUxHdVo4YVhmb3dCSkR1bkNVeFlyaEMrCnc1bXU2SHR0cjE2VXlOenRnQTdEU1Y2d05RSURBUUFCbzBJd1FEQU9CZ05WSFE4QkFmOEVCQU1DQWdRd0R3WUQKVlIwVEFRSC9CQVV3QXdFQi96QWRCZ05WSFE0RUZnUVVRSWhub21RTzdPd1h4NHFKR0xRMjhVYmpxWDR3RFFZSgpLb1pJaHZjTkFRRUxCUUFEZ2dHQkFIMWs3SnRYVGRqS25rT1VGbitBczF5KzdRbWdvQTBITllmcERnTzQ2RG9ZCllrZ1ptVDJ6WU15aWdieVp6dFhUU0w2aHUycDN5WWN0OXVkSU5tZ01RRTFqYzBKYVNTL0NpVGIwRmpNQVY5cVcKUi9YVE9JWmRvOVNqTk5ad1A0enJBWXl4Umd3UG5DQTVXOENuWnVUM3hVaHJqWmE2Sk9IckFqT0srdS9KMm1ELwo3c3dQZjRkRytmMHF6WSsxMENmZ25jTUJESUZMb1hXRHp4cFcrYnB6YzFnc2JoT2xYQmpoV093M2hCcmZFanpmCmwyamtXNXRsY21RaGJzbERUc3ZZNUVVVFZXWGU0KytFZVU0R0R1OVpwQWpQOXU2cTVXSmhTQkxTd1c0SldIMjkKM05IdTlTTFZXdWQ2SUdiQmdUdUs3NXE5Y1FuNDNVUFFtWC8xUzcrVElDcURBMlIxZVoxMW5GaHcwS3dxd0VKQQpnN1Q4NFVPMGJDOVRhOExJazVTNkZGK0ttS3pZVVduQUhGTUtxR1dsVktQY1Q1c1RmS1ppeUloYnN0Z282NDRTCkRFMXh1SHQrVldHbEhZZUFENTM5OS83TjgzTUNHVWRPTUtlVkZ2VGM1SkYvNDhYby9vOCsvYWM0S0pTYlBtZFYKZ0lPb0pINTFuWllUOGpQRVVjRHZxdz09Ci0tLS0tRU5EIENFUlRJRklDQVRFLS0tLS0K",
      "type": "string"
    },
    "cluster_endpoint": {
      "value": "146.148.103.16",
      "type": "string"
    },
    "cluster_name": {
      "value": "gke-standard-cluster",
      "type": "string"
    },
    "node_pool_name": {
      "value": "standard-pool",
      "type": "string"
    }
  },
  "resources": [
    {
      "mode": "managed",
      "type": "google_container_cluster",
      "name": "standard",
      "provider": "provider[\"registry.terraform.io/hashicorp/google\"]",
      "instances": [
        {
          "schema_version": 1,
          "attributes": {
            "addons_config": [
              {
                "cloudrun_config": [],
                "config_connector_config": [],
                "dns_cache_config": [],
                "gce_persistent_disk_csi_driver_config": [
                  {
                    "enabled": true
                  }
                ],
                "gcp_filestore_csi_driver_config": [],
                "gcs_fuse_csi_driver_config": [],
                "gke_backup_agent_config": [],
                "horizontal_pod_autoscaling": [],
                "http_load_balancing": [],
                "network_policy_config": [
                  {
                    "disabled": true
                  }
                ]
              }
            ],
            "allow_net_admin": null,
            "authenticator_groups_config": [],
            "binary_authorization": [
              {
                "enabled": false,
                "evaluation_mode": ""
              }
            ],
            "cluster_autoscaling": [
              {
                "auto_provisioning_defaults": [],
                "enabled": false,
                "resource_limits": []
              }
            ],
            "cluster_ipv4_cidr": "10.0.0.0/14",
            "confidential_nodes": [],
            "cost_management_config": [],
            "database_encryption": [
              {
                "key_name": "",
                "state": "DECRYPTED"
              }
            ],
            "datapath_provider": "",
            "default_max_pods_per_node": null,
            "default_snat_status": [
              {
                "disabled": false
              }
            ],
            "description": "",
            "dns_config": [],
            "enable_autopilot": false,
            "enable_binary_authorization": false,
            "enable_intranode_visibility": false,
            "enable_k8s_beta_apis": [],
            "enable_kubernetes_alpha": false,
            "enable_l4_ilb_subsetting": false,
            "enable_legacy_abac": false,
            "enable_shielded_nodes": true,
            "enable_tpu": false,
            "endpoint": "146.148.103.16",
            "gateway_api_config": [],
            "id": "projects/devsu-devops-466116/locations/us-central1-a/clusters/gke-standard-cluster",
            "initial_node_count": 1,
            "ip_allocation_policy": [],
            "label_fingerprint": "a9dc16a7",
            "location": "us-central1-a",
            "logging_config": [
              {
                "enable_components": [
                  "SYSTEM_COMPONENTS",
                  "WORKLOADS"
                ]
              }
            ],
            "logging_service": "logging.googleapis.com/kubernetes",
            "maintenance_policy": [],
            "master_auth": [
              {
                "client_certificate": "",
                "client_certificate_config": [
                  {
                    "issue_client_certificate": false
                  }
                ],
                "client_key": "",
                "cluster_ca_certificate": "LS0tLS1CRUdJTiBDRVJUSUZJQ0FURS0tLS0tCk1JSUVMRENDQXBTZ0F3SUJBZ0lRR25UR25sS1NLVkNrV2djcktlZDNUVEFOQmdrcWhraUc5dzBCQVFzRkFEQXYKTVMwd0t3WURWUVFERXlRME1XRTFOV0V3TkMxaFlXUTVMVFJpTkRZdE9ETm1NaTFtTm1ZNFpEUmpNRGhtTldRdwpJQmNOTWpVd056RTNNVFkxTURRMFdoZ1BNakExTlRBM01UQXhOelV3TkRSYU1DOHhMVEFyQmdOVkJBTVRKRFF4CllUVTFZVEEwTFdGaFpEa3ROR0kwTmkwNE0yWXlMV1kyWmpoa05HTXdPR1kxWkRDQ0FhSXdEUVlKS29aSWh2Y04KQVFFQkJRQURnZ0dQQURDQ0FZb0NnZ0dCQU02ZEhVT3A2VHFvVldtZlNwUjFRWU1Ec1JFbEpDb01hcnl5ZWpnSgpwcTJ6b09rdmt3SWhhV0EwaTVoMEY0OW5tK21jOHpPRHBaUHVkQ2hxY0lZTmZ4SmZkc1ZZL0xNSjJjZEZvYVc5CjV5WmFhVlQxbmVXeStMVlVSTE5JMEJhaEdjWHovek81RUVWbTFCOUZ1Zi9ROWVMWjNWdEJkMXdxMnhGem1kT2EKQ1FlNnpqcnJaWlNqZUtTbkh6VmNGOTZvVHRYM21QR0VXSTBDVnNqa00wbEFTY1N1N2I3dTZwMGFxWHNaSnNPUgpHOTF2ZFdXdlp5cDdZSXc5bDRsWnYrS014Z1EvM0F2bTN1R1BQYnhsMGROV1NhY2g1aHpKUWMzaDI0RE9Na3F4ClRvQWVNNm1TUWQyL2VFK1F0UEh4L2EwUzd2bFFqMlhnc09kbEg5L2NBcTdEYjFrZ1N4UTVGMDV1UzM3Q2J2dTMKbW9hS3puUVo3NkNFK2xsTzRKZTVwMFRYRVBjMG1ydy9hTW5nMmlhMGEyVkpDc1c2aUNSbHFVeUhZdkRmYndCagpHS0hEeGx0Vk9zeFpwYmtSYXBEZVJLeHJXbzlRUlUvQk5TT1dxWnVlVUxHdVo4YVhmb3dCSkR1bkNVeFlyaEMrCnc1bXU2SHR0cjE2VXlOenRnQTdEU1Y2d05RSURBUUFCbzBJd1FEQU9CZ05WSFE4QkFmOEVCQU1DQWdRd0R3WUQKVlIwVEFRSC9CQVV3QXdFQi96QWRCZ05WSFE0RUZnUVVRSWhub21RTzdPd1h4NHFKR0xRMjhVYmpxWDR3RFFZSgpLb1pJaHZjTkFRRUxCUUFEZ2dHQkFIMWs3SnRYVGRqS25rT1VGbitBczF5KzdRbWdvQTBITllmcERnTzQ2RG9ZCllrZ1ptVDJ6WU15aWdieVp6dFhUU0w2aHUycDN5WWN0OXVkSU5tZ01RRTFqYzBKYVNTL0NpVGIwRmpNQVY5cVcKUi9YVE9JWmRvOVNqTk5ad1A0enJBWXl4Umd3UG5DQTVXOENuWnVUM3hVaHJqWmE2Sk9IckFqT0srdS9KMm1ELwo3c3dQZjRkRytmMHF6WSsxMENmZ25jTUJESUZMb1hXRHp4cFcrYnB6YzFnc2JoT2xYQmpoV093M2hCcmZFanpmCmwyamtXNXRsY21RaGJzbERUc3ZZNUVVVFZXWGU0KytFZVU0R0R1OVpwQWpQOXU2cTVXSmhTQkxTd1c0SldIMjkKM05IdTlTTFZXdWQ2SUdiQmdUdUs3NXE5Y1FuNDNVUFFtWC8xUzcrVElDcURBMlIxZVoxMW5GaHcwS3dxd0VKQQpnN1Q4NFVPMGJDOVRhOExJazVTNkZGK0ttS3pZVVduQUhGTUtxR1dsVktQY1Q1c1RmS1ppeUloYnN0Z282NDRTCkRFMXh1SHQrVldHbEhZZUFENTM5OS83TjgzTUNHVWRPTUtlVkZ2VGM1SkYvNDhYby9vOCsvYWM0S0pTYlBtZFYKZ0lPb0pINTFuWllUOGpQRVVjRHZxdz09Ci0tLS0tRU5EIENFUlRJRklDQVRFLS0tLS0K"
              }
            ],
            "master_authorized_networks_config": [],
            "master_version": "1.32.4-gke.1415000",
            "mesh_certificates": [],
            "min_master_version": null,
            "monitoring_config": [
              {
                "advanced_datapath_observability_config": [
                  {
                    "enable_metrics": false,
                    "relay_mode": ""
                  }
                ],
                "enable_components": [
                  "SYSTEM_COMPONENTS",
                  "STORAGE",
                  "HPA",
                  "POD",
                  "DAEMONSET",
                  "DEPLOYMENT",
                  "STATEFULSET",
                  "JOBSET",
                  "CADVISOR",
                  "KUBELET",
                  "DCGM"
                ],
                "managed_prometheus": [
                  {
                    "enabled": true
                  }
                ]
              }
            ],
            "monitoring_service": "monitoring.googleapis.com/kubernetes",
            "name": "gke-standard-cluster",
            "network": "projects/devsu-devops-466116/global/networks/default",
            "network_policy": [
              {
                "enabled": false,
                "provider": "PROVIDER_UNSPECIFIED"
              }
            ],
            "networking_mode": "ROUTES",
            "node_config": [
              {
                "advanced_machine_features": [],
                "boot_disk_kms_key": "",
                "confidential_nodes": [],
                "disk_size_gb": 100,
                "disk_type": "pd-balanced",
                "ephemeral_storage_local_ssd_config": [],
                "fast_socket": [],
                "gcfs_config": [],
                "guest_accelerator": [],
                "gvnic": [],
                "host_maintenance_policy": [],
                "image_type": "COS_CONTAINERD",
                "kubelet_config": [
                  {
                    "cpu_cfs_quota": false,
                    "cpu_cfs_quota_period": "",
                    "cpu_manager_policy": "",
                    "pod_pids_limit": 0
                  }
                ],
                "labels": {},
                "linux_node_config": [],
                "local_nvme_ssd_block_config": [],
                "local_ssd_count": 0,
                "logging_variant": "DEFAULT",
                "machine_type": "e2-micro",
                "metadata": {
                  "disable-legacy-endpoints": "true"
                },
                "min_cpu_platform": "",
                "node_group": "",
                "oauth_scopes": [
                  "https://www.googleapis.com/auth/cloud-platform"
                ],
                "preemptible": false,
                "reservation_affinity": [],
                "resource_labels": {
                  "goog-gke-node-pool-provisioning-model": "on-demand"
                },
                "service_account": "default",
                "shielded_instance_config": [
                  {
                    "enable_integrity_monitoring": true,
                    "enable_secure_boot": false
                  }
                ],
                "sole_tenant_config": [],
                "spot": false,
                "tags": [],
                "taint": [],
                "workload_metadata_config": []
              }
            ],
            "node_locations": [],
            "node_pool": [
              {
                "autoscaling": [
                  {
                    "location_policy": "BALANCED",
                    "max_node_count": 1,
                    "min_node_count": 0,
                    "total_max_node_count": 0,
                    "total_min_node_count": 0
                  }
                ],
                "initial_node_count": 0,
                "instance_group_urls": [
                  "https://www.googleapis.com/compute/v1/projects/devsu-devops-466116/zones/us-central1-a/instanceGroupManagers/gke-gke-standard-cluste-standard-pool-06de72ad-grp"
                ],
                "managed_instance_group_urls": [
                  "https://www.googleapis.com/compute/v1/projects/devsu-devops-466116/zones/us-central1-a/instanceGroups/gke-gke-standard-cluste-standard-pool-06de72ad-grp"
                ],
                "management": [
                  {
                    "auto_repair": true,
                    "auto_upgrade": true
                  }
                ],
                "max_pods_per_node": 0,
                "name": "standard-pool",
                "name_prefix": "",
                "network_config": [],
                "node_config": [
                  {
                    "advanced_machine_features": [],
                    "boot_disk_kms_key": "",
                    "confidential_nodes": [],
                    "disk_size_gb": 100,
                    "disk_type": "pd-balanced",
                    "ephemeral_storage_local_ssd_config": [],
                    "fast_socket": [],
                    "gcfs_config": [],
                    "guest_accelerator": [],
                    "gvnic": [],
                    "host_maintenance_policy": [],
                    "image_type": "COS_CONTAINERD",
                    "kubelet_config": [
                      {
                        "cpu_cfs_quota": false,
                        "cpu_cfs_quota_period": "",
                        "cpu_manager_policy": "",
                        "pod_pids_limit": 0
                      }
                    ],
                    "labels": {},
                    "linux_node_config": [],
                    "local_nvme_ssd_block_config": [],
                    "local_ssd_count": 0,
                    "logging_variant": "DEFAULT",
                    "machine_type": "e2-micro",
                    "metadata": {
                      "disable-legacy-endpoints": "true"
                    },
                    "min_cpu_platform": "",
                    "node_group": "",
                    "oauth_scopes": [
                      "https://www.googleapis.com/auth/cloud-platform"
                    ],
                    "preemptible": false,
                    "reservation_affinity": [],
                    "resource_labels": {
                      "goog-gke-node-pool-provisioning-model": "on-demand"
                    },
                    "service_account": "default",
                    "shielded_instance_config": [
                      {
                        "enable_integrity_monitoring": true,
                        "enable_secure_boot": false
                      }
                    ],
                    "sole_tenant_config": [],
                    "spot": false,
                    "tags": [],
                    "taint": [],
                    "workload_metadata_config": []
                  }
                ],
                "node_count": 1,
                "node_locations": [
                  "us-central1-a"
                ],
                "placement_policy": [],
                "upgrade_settings": [
                  {
                    "blue_green_settings": [],
                    "max_surge": 1,
                    "max_unavailable": 0,
                    "strategy": "SURGE"
                  }
                ],
                "version": "1.32.4-gke.1415000"
              }
            ],
            "node_pool_auto_config": [
              {
                "network_tags": []
              }
            ],
            "node_pool_defaults": [
              {
                "node_config_defaults": [
                  {
                    "logging_variant": "DEFAULT"
                  }
                ]
              }
            ],
            "node_version": "1.32.4-gke.1415000",
            "notification_config": [
              {
                "pubsub": [
                  {
                    "enabled": false,
                    "filter": [],
                    "topic": ""
                  }
                ]
              }
            ],
            "operation": null,
            "private_cluster_config": [
              {
                "enable_private_endpoint": false,
                "enable_private_nodes": false,
                "master_global_access_config": [
                  {
                    "enabled": false
                  }
                ],
                "master_ipv4_cidr_block": "",
                "peering_name": "",
                "private_endpoint": "10.128.0.4",
                "private_endpoint_subnetwork": "",
                "public_endpoint": "146.148.103.16"
              }
            ],
            "private_ipv6_google_access": "",
            "project": "devsu-devops-466116",
            "release_channel": [
              {
                "channel": "REGULAR"
              }
            ],
            "remove_default_node_pool": true,
            "resource_labels": {},
            "resource_usage_export_config": [],
            "security_posture_config": [
              {
                "mode": "BASIC",
                "vulnerability_mode": "VULNERABILITY_MODE_UNSPECIFIED"
              }
            ],
            "self_link": "https://container.googleapis.com/v1/projects/devsu-devops-466116/zones/us-central1-a/clusters/gke-standard-cluster",
            "service_external_ips_config": [
              {
                "enabled": false
              }
            ],
            "services_ipv4_cidr": "10.3.240.0/20",
            "subnetwork": "projects/devsu-devops-466116/regions/us-central1/subnetworks/default",
            "timeouts": null,
            "tpu_ipv4_cidr_block": "",
            "vertical_pod_autoscaling": [],
            "workload_identity_config": []
          },
          "sensitive_attributes": [],
          "private": "eyJlMmJmYjczMC1lY2FhLTExZTYtOGY4OC0zNDM2M2JjN2M0YzAiOnsiY3JlYXRlIjoyNDAwMDAwMDAwMDAwLCJkZWxldGUiOjI0MDAwMDAwMDAwMDAsInJlYWQiOjI0MDAwMDAwMDAwMDAsInVwZGF0ZSI6MzYwMDAwMDAwMDAwMH0sInNjaGVtYV92ZXJzaW9uIjoiMSJ9"
        }
      ]
    },
    {
      "mode": "managed",
      "type": "google_container_node_pool",
      "name": "primary",
      "provider": "provider[\"registry.terraform.io/hashicorp/google\"]",
      "instances": [
        {
          "schema_version": 1,
          "attributes": {
            "autoscaling": [
              {
                "location_policy": "BALANCED",
                "max_node_count": 1,
                "min_node_count": 0,
                "total_max_node_count": 0,
                "total_min_node_count": 0
              }
            ],
            "cluster": "gke-standard-cluster",
            "id": "projects/devsu-devops-466116/locations/us-central1-a/clusters/gke-standard-cluster/nodePools/standard-pool",
            "initial_node_count": 0,
            "instance_group_urls": [
              "https://www.googleapis.com/compute/v1/projects/devsu-devops-466116/zones/us-central1-a/instanceGroupManagers/gke-gke-standard-cluste-standard-pool-d56e8c3d-grp"
            ],
            "location": "us-central1-a",
            "managed_instance_group_urls": [
              "https://www.googleapis.com/compute/v1/projects/devsu-devops-466116/zones/us-central1-a/instanceGroups/gke-gke-standard-cluste-standard-pool-d56e8c3d-grp"
            ],
            "management": [
              {
                "auto_repair": true,
                "auto_upgrade": true
              }
            ],
            "max_pods_per_node": null,
            "name": "standard-pool",
            "name_prefix": "",
            "network_config": [],
            "node_config": [
              {
                "advanced_machine_features": [],
                "boot_disk_kms_key": "",
                "confidential_nodes": [],
                "disk_size_gb": 100,
                "disk_type": "pd-balanced",
                "ephemeral_storage_local_ssd_config": [],
                "fast_socket": [],
                "gcfs_config": [],
                "guest_accelerator": [],
                "gvnic": [],
                "host_maintenance_policy": [],
                "image_type": "COS_CONTAINERD",
                "kubelet_config": [
                  {
                    "cpu_cfs_quota": false,
                    "cpu_cfs_quota_period": "",
                    "cpu_manager_policy": "",
                    "pod_pids_limit": 0
                  }
                ],
                "labels": {},
                "linux_node_config": [],
                "local_nvme_ssd_block_config": [],
                "local_ssd_count": 0,
                "logging_variant": "DEFAULT",
                "machine_type": "e2-small",
                "metadata": {
                  "disable-legacy-endpoints": "true"
                },
                "min_cpu_platform": "",
                "node_group": "",
                "oauth_scopes": [
                  "https://www.googleapis.com/auth/cloud-platform"
                ],
                "preemptible": false,
                "reservation_affinity": [],
                "resource_labels": {
                  "goog-gke-node-pool-provisioning-model": "on-demand"
                },
                "service_account": "default",
                "shielded_instance_config": [
                  {
                    "enable_integrity_monitoring": true,
                    "enable_secure_boot": false
                  }
                ],
                "sole_tenant_config": [],
                "spot": false,
                "tags": null,
                "taint": [],
                "workload_metadata_config": []
              }
            ],
            "node_count": 0,
            "node_locations": [
              "us-central1-a"
            ],
            "operation": null,
            "placement_policy": [],
            "project": "devsu-devops-466116",
            "timeouts": null,
            "upgrade_settings": [
              {
                "blue_green_settings": [],
                "max_surge": 1,
                "max_unavailable": 0,
                "strategy": "SURGE"
              }
            ],
            "version": "1.32.4-gke.1415000"
          },
          "sensitive_attributes": [],
          "private": "eyJlMmJmYjczMC1lY2FhLTExZTYtOGY4OC0zNDM2M2JjN2M0YzAiOnsiY3JlYXRlIjoxODAwMDAwMDAwMDAwLCJkZWxldGUiOjE4MDAwMDAwMDAwMDAsInVwZGF0ZSI6MTgwMDAwMDAwMDAwMH0sInNjaGVtYV92ZXJzaW9uIjoiMSJ9",
          "dependencies": [
            "google_container_cluster.standard"
          ]
        }
      ]
    }
  ],
  "check_results": null
}
